
Microsoft Visual Studio Solution File, Format Version 12.00
# Visual Studio 15
VisualStudioVersion = 15.0.27130.2003
MinimumVisualStudioVersion = 10.0.40219.1
Project("{FAE04EC0-301F-11D3-BF4B-00C04F79EFBC}") = "Przychodnia", "Przychodnia\Przychodnia.csproj", "{DDB63102-341C-4B85-A949-DED8F1DD99CB}"
EndProject
Global
	GlobalSection(SolutionConfigurationPlatforms) = preSolution
		Debug|Any CPU = Debug|Any CPU
		Release|Any CPU = Release|Any CPU
	EndGlobalSection
	GlobalSection(ProjectConfigurationPlatforms) = postSolution
		{DDB63102-341C-4B85-A949-DED8F1DD99CB}.Debug|Any CPU.ActiveCfg = Debug|Any CPU
		{DDB63102-341C-4B85-A949-DED8F1DD99CB}.Debug|Any CPU.Build.0 = Debug|Any CPU
		{DDB63102-341C-4B85-A949-DED8F1DD99CB}.Release|Any CPU.ActiveCfg = Release|Any CPU
		{DDB63102-341C-4B85-A949-DED8F1DD99CB}.Release|Any CPU.Build.0 = Release|Any CPU
	EndGlobalSection
	GlobalSection(SolutionProperties) = preSolution
		HideSolutionNode = FALSE
	EndGlobalSection
	GlobalSection(ExtensibilityGlobals) = postSolution
		SolutionGuid = {E391781A-FF1B-4506-8E31-AF2BFFC80F89}
	EndGlobalSection
EndGlobal
