
Microsoft Visual Studio Solution File, Format Version 12.00
# Visual Studio 15
VisualStudioVersion = 15.0.27130.2003
MinimumVisualStudioVersion = 10.0.40219.1
Project("{FAE04EC0-301F-11D3-BF4B-00C04F79EFBC}") = "Biblioteka", "Kprob1\Biblioteka.csproj", "{FA371A59-E606-47AE-A93D-918DE378FC66}"
EndProject
Global
	GlobalSection(SolutionConfigurationPlatforms) = preSolution
		Debug|Any CPU = Debug|Any CPU
		Release|Any CPU = Release|Any CPU
	EndGlobalSection
	GlobalSection(ProjectConfigurationPlatforms) = postSolution
		{FA371A59-E606-47AE-A93D-918DE378FC66}.Debug|Any CPU.ActiveCfg = Debug|Any CPU
		{FA371A59-E606-47AE-A93D-918DE378FC66}.Debug|Any CPU.Build.0 = Debug|Any CPU
		{FA371A59-E606-47AE-A93D-918DE378FC66}.Release|Any CPU.ActiveCfg = Release|Any CPU
		{FA371A59-E606-47AE-A93D-918DE378FC66}.Release|Any CPU.Build.0 = Release|Any CPU
	EndGlobalSection
	GlobalSection(SolutionProperties) = preSolution
		HideSolutionNode = FALSE
	EndGlobalSection
	GlobalSection(ExtensibilityGlobals) = postSolution
		SolutionGuid = {8438DE08-D81E-4A89-9B24-B3969CE2CDBD}
	EndGlobalSection
EndGlobal
